github.com/cfeeling/naza v0.18.6 h1:v2DNUVJztFMWifzdy7BNkdyh6pBcgm5gem483WR2DqU=
github.com/cfeeling/naza v0.18.6/go.mod h1:yxlcsDMzm9nb7EhAHxpLXGNQSrO8VhbDlVxVRpQoMQ4=
github.com/cfeeling/lal v0.21.0 h1:K9CzkZfH+NR46+o9S3MBoYnuZx+hxbNqkeiLZ2GDWK4=
github.com/cfeeling/lal v0.21.0/go.mod h1:shGpNTGG7AcgcJAEsC6lKJ6xzR3Nd3MZCntVOrtxvsU=
github.com/cfeeling/naza v0.18.3/go.mod h1:5LeGupZZFtYP1g/S203n9vXoUNVdlRnPIfM6rExjqt0=
github.com/cfeeling/naza v0.18.5 h1:new/bBkivdVqPZpaviseZc2Z4qZ9I4KpKvJUmXCXjEk=
github.com/cfeeling/naza v0.18.5/go.mod h1:5LeGupZZFtYP1g/S203n9vXoUNVdlRnPIfM6rExjqt0=
